
Microsoft Visual Studio Solution File, Format Version 12.00
# Visual Studio Version 17
VisualStudioVersion = 17.8.34330.188
MinimumVisualStudioVersion = 10.0.40219.1
Project("{9A19103F-16F7-4668-BE54-9A1E7A4F7556}") = "DemoWinform", "DemoWinform.csproj", "{04B4743E-00FB-44D7-8A24-D964462C212B}"
EndProject
Global
	GlobalSection(SolutionConfigurationPlatforms) = preSolution
		Debug|Any CPU = Debug|Any CPU
		Release|Any CPU = Release|Any CPU
	EndGlobalSection
	GlobalSection(ProjectConfigurationPlatforms) = postSolution
		{04B4743E-00FB-44D7-8A24-D964462C212B}.Debug|Any CPU.ActiveCfg = Debug|Any CPU
		{04B4743E-00FB-44D7-8A24-D964462C212B}.Debug|Any CPU.Build.0 = Debug|Any CPU
		{04B4743E-00FB-44D7-8A24-D964462C212B}.Release|Any CPU.ActiveCfg = Release|Any CPU
		{04B4743E-00FB-44D7-8A24-D964462C212B}.Release|Any CPU.Build.0 = Release|Any CPU
	EndGlobalSection
	GlobalSection(SolutionProperties) = preSolution
		HideSolutionNode = FALSE
	EndGlobalSection
	GlobalSection(ExtensibilityGlobals) = postSolution
		SolutionGuid = {19DE8B79-75F5-48C0-BA53-6D05B58E9149}
	EndGlobalSection
EndGlobal
